
Microsoft Visual Studio Solution File, Format Version 12.00
# Visual Studio Version 16
VisualStudioVersion = 16.0.30907.101
MinimumVisualStudioVersion = 10.0.40219.1
Project("{FAE04EC0-301F-11D3-BF4B-00C04F79EFBC}") = "Amazon", "Amazon\Amazon.csproj", "{D4995458-4F34-45E8-BFD7-0ED5D97ECED1}"
EndProject
Global
	GlobalSection(SolutionConfigurationPlatforms) = preSolution
		Debug|Any CPU = Debug|Any CPU
		Release|Any CPU = Release|Any CPU
	EndGlobalSection
	GlobalSection(ProjectConfigurationPlatforms) = postSolution
		{D4995458-4F34-45E8-BFD7-0ED5D97ECED1}.Debug|Any CPU.ActiveCfg = Debug|Any CPU
		{D4995458-4F34-45E8-BFD7-0ED5D97ECED1}.Debug|Any CPU.Build.0 = Debug|Any CPU
		{D4995458-4F34-45E8-BFD7-0ED5D97ECED1}.Release|Any CPU.ActiveCfg = Release|Any CPU
		{D4995458-4F34-45E8-BFD7-0ED5D97ECED1}.Release|Any CPU.Build.0 = Release|Any CPU
	EndGlobalSection
	GlobalSection(SolutionProperties) = preSolution
		HideSolutionNode = FALSE
	EndGlobalSection
	GlobalSection(ExtensibilityGlobals) = postSolution
		SolutionGuid = {617EBBA1-F739-4A7A-BA7F-53455E53B2EF}
	EndGlobalSection
EndGlobal
